
Microsoft Visual Studio Solution File, Format Version 12.00
# Visual Studio Version 16
VisualStudioVersion = 16.0.29306.81
MinimumVisualStudioVersion = 10.0.40219.1
Project("{FAE04EC0-301F-11D3-BF4B-00C04F79EFBC}") = "parouimpar", "parouimpar\parouimpar.csproj", "{ECCCCFA5-96C0-4642-8278-4A9B15605362}"
EndProject
Global
	GlobalSection(SolutionConfigurationPlatforms) = preSolution
		Debug|Any CPU = Debug|Any CPU
		Release|Any CPU = Release|Any CPU
	EndGlobalSection
	GlobalSection(ProjectConfigurationPlatforms) = postSolution
		{ECCCCFA5-96C0-4642-8278-4A9B15605362}.Debug|Any CPU.ActiveCfg = Debug|Any CPU
		{ECCCCFA5-96C0-4642-8278-4A9B15605362}.Debug|Any CPU.Build.0 = Debug|Any CPU
		{ECCCCFA5-96C0-4642-8278-4A9B15605362}.Release|Any CPU.ActiveCfg = Release|Any CPU
		{ECCCCFA5-96C0-4642-8278-4A9B15605362}.Release|Any CPU.Build.0 = Release|Any CPU
	EndGlobalSection
	GlobalSection(SolutionProperties) = preSolution
		HideSolutionNode = FALSE
	EndGlobalSection
	GlobalSection(ExtensibilityGlobals) = postSolution
		SolutionGuid = {E7A62E05-6D81-4AC6-94CB-5D14F79FF886}
	EndGlobalSection
EndGlobal
